PODS:
  - FlutterMacOS (1.0.0)
  - mystiko_flutter (0.0.1)

DEPENDENCIES:
  - FlutterMacOS (from `Flutter/ephemeral`)
  - mystiko_flutter (from `Flutter/ephemeral/.symlinks/plugins/mystiko_flutter/macos`)

EXTERNAL SOURCES:
  FlutterMacOS:
    :path: Flutter/ephemeral
  mystiko_flutter:
    :path: Flutter/ephemeral/.symlinks/plugins/mystiko_flutter/macos

SPEC CHECKSUMS:
  FlutterMacOS: 8f6f14fa908a6fb3fba0cd85dbd81ec4b251fb24
  mystiko_flutter: d422dd0096e041f8272b71a04dda53149b6c0207

PODFILE CHECKSUM: 236401fc2c932af29a9fcf0e97baeeb2d750d367

COCOAPODS: 1.14.3
